// !$*UTF8*$!
{
	archiveVersion = 1;
	classes = {
	};
	objectVersion = 50;
	objects = {

/* Begin PBXBuildFile section */
		F9C40859223B0DE300D24A37 /* Schools.swift in Sources */ = {isa = PBXBuildFile; fileRef = F9C40858223B0DE300D24A37 /* Schools.swift */; };
		F9C4085B223B0EAC00D24A37 /* TeamsTableViewController.swift in Sources */ = {isa = PBXBuildFile; fileRef = F9C4085A223B0EAC00D24A37 /* TeamsTableViewController.swift */; };
		F9C4085D223B0EED00D24A37 /* NewTeamViewController.swift in Sources */ = {isa = PBXBuildFile; fileRef = F9C4085C223B0EED00D24A37 /* NewTeamViewController.swift */; };
		F9C4085F223B0F4100D24A37 /* NewSchoolViewController.swift in Sources */ = {isa = PBXBuildFile; fileRef = F9C4085E223B0F4100D24A37 /* NewSchoolViewController.swift */; };
		F9C40863223B100900D24A37 /* StudentsViewController.swift in Sources */ = {isa = PBXBuildFile; fileRef = F9C40862223B100900D24A37 /* StudentsViewController.swift */; };
		F9C40865223B110C00D24A37 /* SchoolsTableViewController.swift in Sources */ = {isa = PBXBuildFile; fileRef = F9C40864223B110C00D24A37 /* SchoolsTableViewController.swift */; };
		F9F38F982239AAD000DF65FF /* AppDelegate.swift in Sources */ = {isa = PBXBuildFile; fileRef = F9F38F972239AAD000DF65FF /* AppDelegate.swift */; };
		F9F38F9A2239AAD000DF65FF /* ViewController.swift in Sources */ = {isa = PBXBuildFile; fileRef = F9F38F992239AAD000DF65FF /* ViewController.swift */; };
		F9F38F9D2239AAD000DF65FF /* Main.storyboard in Resources */ = {isa = PBXBuildFile; fileRef = F9F38F9B2239AAD000DF65FF /* Main.storyboard */; };
		F9F38F9F2239AAD100DF65FF /* Assets.xcassets in Resources */ = {isa = PBXBuildFile; fileRef = F9F38F9E2239AAD100DF65FF /* Assets.xcassets */; };
		F9F38FA22239AAD100DF65FF /* LaunchScreen.storyboard in Resources */ = {isa = PBXBuildFile; fileRef = F9F38FA02239AAD100DF65FF /* LaunchScreen.storyboard */; };
		F9F38FAD2239AAD100DF65FF /* NorthwestKcTests.swift in Sources */ = {isa = PBXBuildFile; fileRef = F9F38FAC2239AAD100DF65FF /* NorthwestKcTests.swift */; };
		F9F38FB82239AAD100DF65FF /* NorthwestKcUITests.swift in Sources */ = {isa = PBXBuildFile; fileRef = F9F38FB72239AAD100DF65FF /* NorthwestKcUITests.swift */; };
/* End PBXBuildFile section */

/* Begin PBXContainerItemProxy section */
		F9F38FA92239AAD100DF65FF /* PBXContainerItemProxy */ = {
			isa = PBXContainerItemProxy;
			containerPortal = F9F38F8C2239AAD000DF65FF /* Project object */;
			proxyType = 1;
			remoteGlobalIDString = F9F38F932239AAD000DF65FF;
			remoteInfo = NorthwestKc;
		};
		F9F38FB42239AAD100DF65FF /* PBXContainerItemProxy */ = {
			isa = PBXContainerItemProxy;
			containerPortal = F9F38F8C2239AAD000DF65FF /* Project object */;
			proxyType = 1;
			remoteGlobalIDString = F9F38F932239AAD000DF65FF;
			remoteInfo = NorthwestKc;
		};
/* End PBXContainerItemProxy section */

/* Begin PBXFileReference section */
		F9C40858223B0DE300D24A37 /* Schools.swift */ = {isa = PBXFileReference; lastKnownFileType = sourcecode.swift; name = Schools.swift; path = ../../Schools.swift; sourceTree = "<group>"; };
		F9C4085A223B0EAC00D24A37 /* TeamsTableViewController.swift */ = {isa = PBXFileReference; lastKnownFileType = sourcecode.swift; path = TeamsTableViewController.swift; sourceTree = "<group>"; };
		F9C4085C223B0EED00D24A37 /* NewTeamViewController.swift */ = {isa = PBXFileReference; lastKnownFileType = sourcecode.swift; path = NewTeamViewController.swift; sourceTree = "<group>"; };
		F9C4085E223B0F4100D24A37 /* NewSchoolViewController.swift */ = {isa = PBXFileReference; lastKnownFileType = sourcecode.swift; path = NewSchoolViewController.swift; sourceTree = "<group>"; };
		F9C40862223B100900D24A37 /* StudentsViewController.swift */ = {isa = PBXFileReference; lastKnownFileType = sourcecode.swift; path = StudentsViewController.swift; sourceTree = "<group>"; };
		F9C40864223B110C00D24A37 /* SchoolsTableViewController.swift */ = {isa = PBXFileReference; lastKnownFileType = sourcecode.swift; path = SchoolsTableViewController.swift; sourceTree = "<group>"; };
		F9F38F942239AAD000DF65FF /* NorthwestKc.app */ = {isa = PBXFileReference; explicitFileType = wrapper.application; includeInIndex = 0; path = NorthwestKc.app; sourceTree = BUILT_PRODUCTS_DIR; };
		F9F38F972239AAD000DF65FF /* AppDelegate.swift */ = {isa = PBXFileReference; lastKnownFileType = sourcecode.swift; path = AppDelegate.swift; sourceTree = "<group>"; };
		F9F38F992239AAD000DF65FF /* ViewController.swift */ = {isa = PBXFileReference; lastKnownFileType = sourcecode.swift; path = ViewController.swift; sourceTree = "<group>"; };
		F9F38F9C2239AAD000DF65FF /* Base */ = {isa = PBXFileReference; lastKnownFileType = file.storyboard; name = Base; path = Base.lproj/Main.storyboard; sourceTree = "<group>"; };
		F9F38F9E2239AAD100DF65FF /* Assets.xcassets */ = {isa = PBXFileReference; lastKnownFileType = folder.assetcatalog; path = Assets.xcassets; sourceTree = "<group>"; };
		F9F38FA12239AAD100DF65FF /* Base */ = {isa = PBXFileReference; lastKnownFileType = file.storyboard; name = Base; path = Base.lproj/LaunchScreen.storyboard; sourceTree = "<group>"; };
		F9F38FA32239AAD100DF65FF /* Info.plist */ = {isa = PBXFileReference; lastKnownFileType = text.plist.xml; path = Info.plist; sourceTree = "<group>"; };
		F9F38FA82239AAD100DF65FF /* NorthwestKcTests.xctest */ = {isa = PBXFileReference; explicitFileType = wrapper.cfbundle; includeInIndex = 0; path = NorthwestKcTests.xctest; sourceTree = BUILT_PRODUCTS_DIR; };
		F9F38FAC2239AAD100DF65FF /* NorthwestKcTests.swift */ = {isa = PBXFileReference; lastKnownFileType = sourcecode.swift; path = NorthwestKcTests.swift; sourceTree = "<group>"; };
		F9F38FAE2239AAD100DF65FF /* Info.plist */ = {isa = PBXFileReference; lastKnownFileType = text.plist.xml; path = Info.plist; sourceTree = "<group>"; };
		F9F38FB32239AAD100DF65FF /* NorthwestKcUITests.xctest */ = {isa = PBXFileReference; explicitFileType = wrapper.cfbundle; includeInIndex = 0; path = NorthwestKcUITests.xctest; sourceTree = BUILT_PRODUCTS_DIR; };
		F9F38FB72239AAD100DF65FF /* NorthwestKcUITests.swift */ = {isa = PBXFileReference; lastKnownFileType = sourcecode.swift; path = NorthwestKcUITests.swift; sourceTree = "<group>"; };
		F9F38FB92239AAD100DF65FF /* Info.plist */ = {isa = PBXFileReference; lastKnownFileType = text.plist.xml; path = Info.plist; sourceTree = "<group>"; };
/* End PBXFileReference section */

/* Begin PBXFrameworksBuildPhase section */
		F9F38F912239AAD000DF65FF /* Frameworks */ = {
			isa = PBXFrameworksBuildPhase;
			buildActionMask = 2147483647;
			files = (
			);
			runOnlyForDeploymentPostprocessing = 0;
		};
		F9F38FA52239AAD100DF65FF /* Frameworks */ = {
			isa = PBXFrameworksBuildPhase;
			buildActionMask = 2147483647;
			files = (
			);
			runOnlyForDeploymentPostprocessing = 0;
		};
		F9F38FB02239AAD100DF65FF /* Frameworks */ = {
			isa = PBXFrameworksBuildPhase;
			buildActionMask = 2147483647;
			files = (
			);
			runOnlyForDeploymentPostprocessing = 0;
		};
/* End PBXFrameworksBuildPhase section */

/* Begin PBXGroup section */
		F9F38F8B2239AAD000DF65FF = {
			isa = PBXGroup;
			children = (
				F9F38F962239AAD000DF65FF /* NorthwestKc */,
				F9F38FAB2239AAD100DF65FF /* NorthwestKcTests */,
				F9F38FB62239AAD100DF65FF /* NorthwestKcUITests */,
				F9F38F952239AAD000DF65FF /* Products */,
			);
			sourceTree = "<group>";
		};
		F9F38F952239AAD000DF65FF /* Products */ = {
			isa = PBXGroup;
			children = (
				F9F38F942239AAD000DF65FF /* NorthwestKc.app */,
				F9F38FA82239AAD100DF65FF /* NorthwestKcTests.xctest */,
				F9F38FB32239AAD100DF65FF /* NorthwestKcUITests.xctest */,
			);
			name = Products;
			sourceTree = "<group>";
		};
		F9F38F962239AAD000DF65FF /* NorthwestKc */ = {
			isa = PBXGroup;
			children = (
				F9C4085E223B0F4100D24A37 /* NewSchoolViewController.swift */,
				F9F38F972239AAD000DF65FF /* AppDelegate.swift */,
				F9F38F992239AAD000DF65FF /* ViewController.swift */,
				F9F38F9B2239AAD000DF65FF /* Main.storyboard */,
				F9F38F9E2239AAD100DF65FF /* Assets.xcassets */,
				F9F38FA02239AAD100DF65FF /* LaunchScreen.storyboard */,
				F9C40858223B0DE300D24A37 /* Schools.swift */,
				F9F38FA32239AAD100DF65FF /* Info.plist */,
				F9C4085A223B0EAC00D24A37 /* TeamsTableViewController.swift */,
				F9C4085C223B0EED00D24A37 /* NewTeamViewController.swift */,
				F9C40862223B100900D24A37 /* StudentsViewController.swift */,
				F9C40864223B110C00D24A37 /* SchoolsTableViewController.swift */,
			);
			path = NorthwestKc;
			sourceTree = "<group>";
		};
		F9F38FAB2239AAD100DF65FF /* NorthwestKcTests */ = {
			isa = PBXGroup;
			children = (
				F9F38FAC2239AAD100DF65FF /* NorthwestKcTests.swift */,
				F9F38FAE2239AAD100DF65FF /* Info.plist */,
			);
			path = NorthwestKcTests;
			sourceTree = "<group>";
		};
		F9F38FB62239AAD100DF65FF /* NorthwestKcUITests */ = {
			isa = PBXGroup;
			children = (
				F9F38FB72239AAD100DF65FF /* NorthwestKcUITests.swift */,
				F9F38FB92239AAD100DF65FF /* Info.plist */,
			);
			path = NorthwestKcUITests;
			sourceTree = "<group>";
		};
/* End PBXGroup section */

/* Begin PBXNativeTarget section */
		F9F38F932239AAD000DF65FF /* NorthwestKc */ = {
			isa = PBXNativeTarget;
			buildConfigurationList = F9F38FBC2239AAD100DF65FF /* Build configuration list for PBXNativeTarget "NorthwestKc" */;
			buildPhases = (
				F9F38F902239AAD000DF65FF /* Sources */,
				F9F38F912239AAD000DF65FF /* Frameworks */,
				F9F38F922239AAD000DF65FF /* Resources */,
			);
			buildRules = (
			);
			dependencies = (
			);
			name = NorthwestKc;
			productName = NorthwestKc;
			productReference = F9F38F942239AAD000DF65FF /* NorthwestKc.app */;
			productType = "com.apple.product-type.application";
		};
		F9F38FA72239AAD100DF65FF /* NorthwestKcTests */ = {
			isa = PBXNativeTarget;
			buildConfigurationList = F9F38FBF2239AAD100DF65FF /* Build configuration list for PBXNativeTarget "NorthwestKcTests" */;
			buildPhases = (
				F9F38FA42239AAD100DF65FF /* Sources */,
				F9F38FA52239AAD100DF65FF /* Frameworks */,
				F9F38FA62239AAD100DF65FF /* Resources */,
			);
			buildRules = (
			);
			dependencies = (
				F9F38FAA2239AAD100DF65FF /* PBXTargetDependency */,
			);
			name = NorthwestKcTests;
			productName = NorthwestKcTests;
			productReference = F9F38FA82239AAD100DF65FF /* NorthwestKcTests.xctest */;
			productType = "com.apple.product-type.bundle.unit-test";
		};
		F9F38FB22239AAD100DF65FF /* NorthwestKcUITests */ = {
			isa = PBXNativeTarget;
			buildConfigurationList = F9F38FC22239AAD100DF65FF /* Build configuration list for PBXNativeTarget "NorthwestKcUITests" */;
			buildPhases = (
				F9F38FAF2239AAD100DF65FF /* Sources */,
				F9F38FB02239AAD100DF65FF /* Frameworks */,
				F9F38FB12239AAD100DF65FF /* Resources */,
			);
			buildRules = (
			);
			dependencies = (
				F9F38FB52239AAD100DF65FF /* PBXTargetDependency */,
			);
			name = NorthwestKcUITests;
			productName = NorthwestKcUITests;
			productReference = F9F38FB32239AAD100DF65FF /* NorthwestKcUITests.xctest */;
			productType = "com.apple.product-type.bundle.ui-testing";
		};
/* End PBXNativeTarget section */

/* Begin PBXProject section */
		F9F38F8C2239AAD000DF65FF /* Project object */ = {
			isa = PBXProject;
			attributes = {
				LastSwiftUpdateCheck = 1010;
				LastUpgradeCheck = 1010;
				ORGANIZATIONNAME = "Peddi,Taraka Raviteja";
				TargetAttributes = {
					F9F38F932239AAD000DF65FF = {
						CreatedOnToolsVersion = 10.1;
					};
					F9F38FA72239AAD100DF65FF = {
						CreatedOnToolsVersion = 10.1;
						TestTargetID = F9F38F932239AAD000DF65FF;
					};
					F9F38FB22239AAD100DF65FF = {
						CreatedOnToolsVersion = 10.1;
						TestTargetID = F9F38F932239AAD000DF65FF;
					};
				};
			};
			buildConfigurationList = F9F38F8F2239AAD000DF65FF /* Build configuration list for PBXProject "NorthwestKc" */;
			compatibilityVersion = "Xcode 9.3";
			developmentRegion = en;
			hasScannedForEncodings = 0;
			knownRegions = (
				en,
				Base,
			);
			mainGroup = F9F38F8B2239AAD000DF65FF;
			productRefGroup = F9F38F952239AAD000DF65FF /* Products */;
			projectDirPath = "";
			projectRoot = "";
			targets = (
				F9F38F932239AAD000DF65FF /* NorthwestKc */,
				F9F38FA72239AAD100DF65FF /* NorthwestKcTests */,
				F9F38FB22239AAD100DF65FF /* NorthwestKcUITests */,
			);
		};
/* End PBXProject section */

/* Begin PBXResourcesBuildPhase section */
		F9F38F922239AAD000DF65FF /* Resources */ = {
			isa = PBXResourcesBuildPhase;
			buildActionMask = 2147483647;
			files = (
				F9F38FA22239AAD100DF65FF /* LaunchScreen.storyboard in Resources */,
				F9F38F9F2239AAD100DF65FF /* Assets.xcassets in Resources */,
				F9F38F9D2239AAD000DF65FF /* Main.storyboard in Resources */,
			);
			runOnlyForDeploymentPostprocessing = 0;
		};
		F9F38FA62239AAD100DF65FF /* Resources */ = {
			isa = PBXResourcesBuildPhase;
			buildActionMask = 2147483647;
			files = (
			);
			runOnlyForDeploymentPostprocessing = 0;
		};
		F9F38FB12239AAD100DF65FF /* Resources */ = {
			isa = PBXResourcesBuildPhase;
			buildActionMask = 2147483647;
			files = (
			);
			runOnlyForDeploymentPostprocessing = 0;
		};
/* End PBXResourcesBuildPhase section */

/* Begin PBXSourcesBuildPhase section */
		F9F38F902239AAD000DF65FF /* Sources */ = {
			isa = PBXSourcesBuildPhase;
			buildActionMask = 2147483647;
			files = (
				F9C40863223B100900D24A37 /* StudentsViewController.swift in Sources */,
				F9F38F9A2239AAD000DF65FF /* ViewController.swift in Sources */,
				F9C40865223B110C00D24A37 /* SchoolsTableViewController.swift in Sources */,
				F9C40859223B0DE300D24A37 /* Schools.swift in Sources */,
				F9C4085D223B0EED00D24A37 /* NewTeamViewController.swift in Sources */,
				F9C4085F223B0F4100D24A37 /* NewSchoolViewController.swift in Sources */,
				F9C4085B223B0EAC00D24A37 /* TeamsTableViewController.swift in Sources */,
				F9F38F982239AAD000DF65FF /* AppDelegate.swift in Sources */,
			);
			runOnlyForDeploymentPostprocessing = 0;
		};
		F9F38FA42239AAD100DF65FF /* Sources */ = {
			isa = PBXSourcesBuildPhase;
			buildActionMask = 2147483647;
			files = (
				F9F38FAD2239AAD100DF65FF /* NorthwestKcTests.swift in Sources */,
			);
			runOnlyForDeploymentPostprocessing = 0;
		};
		F9F38FAF2239AAD100DF65FF /* Sources */ = {
			isa = PBXSourcesBuildPhase;
			buildActionMask = 2147483647;
			files = (
				F9F38FB82239AAD100DF65FF /* NorthwestKcUITests.swift in Sources */,
			);
			runOnlyForDeploymentPostprocessing = 0;
		};
/* End PBXSourcesBuildPhase section */

/* Begin PBXTargetDependency section */
		F9F38FAA2239AAD100DF65FF /* PBXTargetDependency */ = {
			isa = PBXTargetDependency;
			target = F9F38F932239AAD000DF65FF /* NorthwestKc */;
			targetProxy = F9F38FA92239AAD100DF65FF /* PBXContainerItemProxy */;
		};
		F9F38FB52239AAD100DF65FF /* PBXTargetDependency */ = {
			isa = PBXTargetDependency;
			target = F9F38F932239AAD000DF65FF /* NorthwestKc */;
			targetProxy = F9F38FB42239AAD100DF65FF /* PBXContainerItemProxy */;
		};
/* End PBXTargetDependency section */

/* Begin PBXVariantGroup section */
		F9F38F9B2239AAD000DF65FF /* Main.storyboard */ = {
			isa = PBXVariantGroup;
			children = (
				F9F38F9C2239AAD000DF65FF /* Base */,
			);
			name = Main.storyboard;
			sourceTree = "<group>";
		};
		F9F38FA02239AAD100DF65FF /* LaunchScreen.storyboard */ = {
			isa = PBXVariantGroup;
			children = (
				F9F38FA12239AAD100DF65FF /* Base */,
			);
			name = LaunchScreen.storyboard;
			sourceTree = "<group>";
		};
/* End PBXVariantGroup section */

/* Begin XCBuildConfiguration section */
		F9F38FBA2239AAD100DF65FF /* Debug */ = {
			isa = XCBuildConfiguration;
			buildSettings = {
				ALWAYS_SEARCH_USER_PATHS = NO;
				CLANG_ANALYZER_NONNULL = YES;
				CLANG_ANALYZER_NUMBER_OBJECT_CONVERSION = YES_AGGRESSIVE;
				CLANG_CXX_LANGUAGE_STANDARD = "gnu++14";
				CLANG_CXX_LIBRARY = "libc++";
				CLANG_ENABLE_MODULES = YES;
				CLANG_ENABLE_OBJC_ARC = YES;
				CLANG_ENABLE_OBJC_WEAK = YES;
				CLANG_WARN_BLOCK_CAPTURE_AUTORELEASING = YES;
				CLANG_WARN_BOOL_CONVERSION = YES;
				CLANG_WARN_COMMA = YES;
				CLANG_WARN_CONSTANT_CONVERSION = YES;
				CLANG_WARN_DEPRECATED_OBJC_IMPLEMENTATIONS = YES;
				CLANG_WARN_DIRECT_OBJC_ISA_USAGE = YES_ERROR;
				CLANG_WARN_DOCUMENTATION_COMMENTS = YES;
				CLANG_WARN_EMPTY_BODY = YES;
				CLANG_WARN_ENUM_CONVERSION = YES;
				CLANG_WARN_INFINITE_RECURSION = YES;
				CLANG_WARN_INT_CONVERSION = YES;
				CLANG_WARN_NON_LITERAL_NULL_CONVERSION = YES;
				CLANG_WARN_OBJC_IMPLICIT_RETAIN_SELF = YES;
				CLANG_WARN_OBJC_LITERAL_CONVERSION = YES;
				CLANG_WARN_OBJC_ROOT_CLASS = YES_ERROR;
				CLANG_WARN_RANGE_LOOP_ANALYSIS = YES;
				CLANG_WARN_STRICT_PROTOTYPES = YES;
				CLANG_WARN_SUSPICIOUS_MOVE = YES;
				CLANG_WARN_UNGUARDED_AVAILABILITY = YES_AGGRESSIVE;
				CLANG_WARN_UNREACHABLE_CODE = YES;
				CLANG_WARN__DUPLICATE_METHOD_MATCH = YES;
				CODE_SIGN_IDENTITY = "iPhone Developer";
				COPY_PHASE_STRIP = NO;
				DEBUG_INFORMATION_FORMAT = dwarf;
				ENABLE_STRICT_OBJC_MSGSEND = YES;
				ENABLE_TESTABILITY = YES;
				GCC_C_LANGUAGE_STANDARD = gnu11;
				GCC_DYNAMIC_NO_PIC = NO;
				GCC_NO_COMMON_BLOCKS = YES;
				GCC_OPTIMIZATION_LEVEL = 0;
				GCC_PREPROCESSOR_DEFINITIONS = (
					"DEBUG=1",
					"$(inherited)",
				);
				GCC_WARN_64_TO_32_BIT_CONVERSION = YES;
				GCC_WARN_ABOUT_RETURN_TYPE = YES_ERROR;
				GCC_WARN_UNDECLARED_SELECTOR = YES;
				GCC_WARN_UNINITIALIZED_AUTOS = YES_AGGRESSIVE;
				GCC_WARN_UNUSED_FUNCTION = YES;
				GCC_WARN_UNUSED_VARIABLE = YES;
				IPHONEOS_DEPLOYMENT_TARGET = 12.1;
				MTL_ENABLE_DEBUG_INFO = INCLUDE_SOURCE;
				MTL_FAST_MATH = YES;
				ONLY_ACTIVE_ARCH = YES;
				SDKROOT = iphoneos;
				SWIFT_ACTIVE_COMPILATION_CONDITIONS = DEBUG;
				SWIFT_OPTIMIZATION_LEVEL = "-Onone";
			};
			name = Debug;
		};
		F9F38FBB2239AAD100DF65FF /* Release */ = {
			isa = XCBuildConfiguration;
			buildSettings = {
				ALWAYS_SEARCH_USER_PATHS = NO;
				CLANG_ANALYZER_NONNULL = YES;
				CLANG_ANALYZER_NUMBER_OBJECT_CONVERSION = YES_AGGRESSIVE;
				CLANG_CXX_LANGUAGE_STANDARD = "gnu++14";
				CLANG_CXX_LIBRARY = "libc++";
				CLANG_ENABLE_MODULES = YES;
				CLANG_ENABLE_OBJC_ARC = YES;
				CLANG_ENABLE_OBJC_WEAK = YES;
				CLANG_WARN_BLOCK_CAPTURE_AUTORELEASING = YES;
				CLANG_WARN_BOOL_CONVERSION = YES;
				CLANG_WARN_COMMA = YES;
				CLANG_WARN_CONSTANT_CONVERSION = YES;
				CLANG_WARN_DEPRECATED_OBJC_IMPLEMENTATIONS = YES;
				CLANG_WARN_DIRECT_OBJC_ISA_USAGE = YES_ERROR;
				CLANG_WARN_DOCUMENTATION_COMMENTS = YES;
				CLANG_WARN_EMPTY_BODY = YES;
				CLANG_WARN_ENUM_CONVERSION = YES;
				CLANG_WARN_INFINITE_RECURSION = YES;
				CLANG_WARN_INT_CONVERSION = YES;
				CLANG_WARN_NON_LITERAL_NULL_CONVERSION = YES;
				CLANG_WARN_OBJC_IMPLICIT_RETAIN_SELF = YES;
				CLANG_WARN_OBJC_LITERAL_CONVERSION = YES;
				CLANG_WARN_OBJC_ROOT_CLASS = YES_ERROR;
				CLANG_WARN_RANGE_LOOP_ANALYSIS = YES;
				CLANG_WARN_STRICT_PROTOTYPES = YES;
				CLANG_WARN_SUSPICIOUS_MOVE = YES;
				CLANG_WARN_UNGUARDED_AVAILABILITY = YES_AGGRESSIVE;
				CLANG_WARN_UNREACHABLE_CODE = YES;
				CLANG_WARN__DUPLICATE_METHOD_MATCH = YES;
				CODE_SIGN_IDENTITY = "iPhone Developer";
				COPY_PHASE_STRIP = NO;
				DEBUG_INFORMATION_FORMAT = "dwarf-with-dsym";
				ENABLE_NS_ASSERTIONS = NO;
				ENABLE_STRICT_OBJC_MSGSEND = YES;
				GCC_C_LANGUAGE_STANDARD = gnu11;
				GCC_NO_COMMON_BLOCKS = YES;
				GCC_WARN_64_TO_32_BIT_CONVERSION = YES;
				GCC_WARN_ABOUT_RETURN_TYPE = YES_ERROR;
				GCC_WARN_UNDECLARED_SELECTOR = YES;
				GCC_WARN_UNINITIALIZED_AUTOS = YES_AGGRESSIVE;
				GCC_WARN_UNUSED_FUNCTION = YES;
				GCC_WARN_UNUSED_VARIABLE = YES;
				IPHONEOS_DEPLOYMENT_TARGET = 12.1;
				MTL_ENABLE_DEBUG_INFO = NO;
				MTL_FAST_MATH = YES;
				SDKROOT = iphoneos;
				SWIFT_COMPILATION_MODE = wholemodule;
				SWIFT_OPTIMIZATION_LEVEL = "-O";
				VALIDATE_PRODUCT = YES;
			};
			name = Release;
		};
		F9F38FBD2239AAD100DF65FF /* Debug */ = {
			isa = XCBuildConfiguration;
			buildSettings = {
				ASSETCATALOG_COMPILER_APPICON_NAME = AppIcon;
				CODE_SIGN_STYLE = Automatic;
				INFOPLIST_FILE = NorthwestKc/Info.plist;
				LD_RUNPATH_SEARCH_PATHS = (
					"$(inherited)",
					"@executable_path/Frameworks",
				);
				PRODUCT_BUNDLE_IDENTIFIER = northwest.NorthwestKc;
				PRODUCT_NAME = "$(TARGET_NAME)";
				SWIFT_VERSION = 4.2;
				TARGETED_DEVICE_FAMILY = "1,2";
			};
			name = Debug;
		};
		F9F38FBE2239AAD100DF65FF /* Release */ = {
			isa = XCBuildConfiguration;
			buildSettings = {
				ASSETCATALOG_COMPILER_APPICON_NAME = AppIcon;
				CODE_SIGN_STYLE = Automatic;
				INFOPLIST_FILE = NorthwestKc/Info.plist;
				LD_RUNPATH_SEARCH_PATHS = (
					"$(inherited)",
					"@executable_path/Frameworks",
				);
				PRODUCT_BUNDLE_IDENTIFIER = northwest.NorthwestKc;
				PRODUCT_NAME = "$(TARGET_NAME)";
				SWIFT_VERSION = 4.2;
				TARGETED_DEVICE_FAMILY = "1,2";
			};
			name = Release;
		};
		F9F38FC02239AAD100DF65FF /* Debug */ = {
			isa = XCBuildConfiguration;
			buildSettings = {
				ALWAYS_EMBED_SWIFT_STANDARD_LIBRARIES = YES;
				BUNDLE_LOADER = "$(TEST_HOST)";
				CODE_SIGN_STYLE = Automatic;
				INFOPLIST_FILE = NorthwestKcTests/Info.plist;
				LD_RUNPATH_SEARCH_PATHS = (
					"$(inherited)",
					"@executable_path/Frameworks",
					"@loader_path/Frameworks",
				);
				PRODUCT_BUNDLE_IDENTIFIER = northwest.NorthwestKcTests;
				PRODUCT_NAME = "$(TARGET_NAME)";
				SWIFT_VERSION = 4.2;
				TARGETED_DEVICE_FAMILY = "1,2";
				TEST_HOST = "$(BUILT_PRODUCTS_DIR)/NorthwestKc.app/NorthwestKc";
			};
			name = Debug;
		};
		F9F38FC12239AAD100DF65FF /* Release */ = {
			isa = XCBuildConfiguration;
			buildSettings = {
				ALWAYS_EMBED_SWIFT_STANDARD_LIBRARIES = YES;
				BUNDLE_LOADER = "$(TEST_HOST)";
				CODE_SIGN_STYLE = Automatic;
				INFOPLIST_FILE = NorthwestKcTests/Info.plist;
				LD_RUNPATH_SEARCH_PATHS = (
					"$(inherited)",
					"@executable_path/Frameworks",
					"@loader_path/Frameworks",
				);
				PRODUCT_BUNDLE_IDENTIFIER = northwest.NorthwestKcTests;
				PRODUCT_NAME = "$(TARGET_NAME)";
				SWIFT_VERSION = 4.2;
				TARGETED_DEVICE_FAMILY = "1,2";
				TEST_HOST = "$(BUILT_PRODUCTS_DIR)/NorthwestKc.app/NorthwestKc";
			};
			name = Release;
		};
		F9F38FC32239AAD100DF65FF /* Debug */ = {
			isa = XCBuildConfiguration;
			buildSettings = {
				ALWAYS_EMBED_SWIFT_STANDARD_LIBRARIES = YES;
				CODE_SIGN_STYLE = Automatic;
				INFOPLIST_FILE = NorthwestKcUITests/Info.plist;
				LD_RUNPATH_SEARCH_PATHS = (
					"$(inherited)",
					"@executable_path/Frameworks",
					"@loader_path/Frameworks",
				);
				PRODUCT_BUNDLE_IDENTIFIER = northwest.NorthwestKcUITests;
				PRODUCT_NAME = "$(TARGET_NAME)";
				SWIFT_VERSION = 4.2;
				TARGETED_DEVICE_FAMILY = "1,2";
				TEST_TARGET_NAME = NorthwestKc;
			};
			name = Debug;
		};
		F9F38FC42239AAD100DF65FF /* Release */ = {
			isa = XCBuildConfiguration;
			buildSettings = {
				ALWAYS_EMBED_SWIFT_STANDARD_LIBRARIES = YES;
				CODE_SIGN_STYLE = Automatic;
				INFOPLIST_FILE = NorthwestKcUITests/Info.plist;
				LD_RUNPATH_SEARCH_PATHS = (
					"$(inherited)",
					"@executable_path/Frameworks",
					"@loader_path/Frameworks",
				);
				PRODUCT_BUNDLE_IDENTIFIER = northwest.NorthwestKcUITests;
				PRODUCT_NAME = "$(TARGET_NAME)";
				SWIFT_VERSION = 4.2;
				TARGETED_DEVICE_FAMILY = "1,2";
				TEST_TARGET_NAME = NorthwestKc;
			};
			name = Release;
		};
/* End XCBuildConfiguration section */

/* Begin XCConfigurationList section */
		F9F38F8F2239AAD000DF65FF /* Build configuration list for PBXProject "NorthwestKc" */ = {
			isa = XCConfigurationList;
			buildConfigurations = (
				F9F38FBA2239AAD100DF65FF /* Debug */,
				F9F38FBB2239AAD100DF65FF /* Release */,
			);
			defaultConfigurationIsVisible = 0;
			defaultConfigurationName = Release;
		};
		F9F38FBC2239AAD100DF65FF /* Build configuration list for PBXNativeTarget "NorthwestKc" */ = {
			isa = XCConfigurationList;
			buildConfigurations = (
				F9F38FBD2239AAD100DF65FF /* Debug */,
				F9F38FBE2239AAD100DF65FF /* Release */,
			);
			defaultConfigurationIsVisible = 0;
			defaultConfigurationName = Release;
		};
		F9F38FBF2239AAD100DF65FF /* Build configuration list for PBXNativeTarget "NorthwestKcTests" */ = {
			isa = XCConfigurationList;
			buildConfigurations = (
				F9F38FC02239AAD100DF65FF /* Debug */,
				F9F38FC12239AAD100DF65FF /* Release */,
			);
			defaultConfigurationIsVisible = 0;
			defaultConfigurationName = Release;
		};
		F9F38FC22239AAD100DF65FF /* Build configuration list for PBXNativeTarget "NorthwestKcUITests" */ = {
			isa = XCConfigurationList;
			buildConfigurations = (
				F9F38FC32239AAD100DF65FF /* Debug */,
				F9F38FC42239AAD100DF65FF /* Release */,
			);
			defaultConfigurationIsVisible = 0;
			defaultConfigurationName = Release;
		};
/* End XCConfigurationList section */
	};
	rootObject = F9F38F8C2239AAD000DF65FF /* Project object */;
}
